
Microsoft Visual Studio Solution File, Format Version 12.00
# Visual Studio Version 17
VisualStudioVersion = 17.1.32421.90
MinimumVisualStudioVersion = 10.0.40219.1
Project("{9A19103F-16F7-4668-BE54-9A1E7A4F7556}") = "AspNetCoreFileConverterDemo.Net8", "AspNetCoreFileConverterDemo.Net8.csproj", "{95997D16-5B39-421C-B3B1-2D07F8499F17}"
EndProject
Global
	GlobalSection(SolutionConfigurationPlatforms) = preSolution
		Debug|Any CPU = Debug|Any CPU
		Release|Any CPU = Release|Any CPU
	EndGlobalSection
	GlobalSection(ProjectConfigurationPlatforms) = postSolution
		{95997D16-5B39-421C-B3B1-2D07F8499F17}.Debug|Any CPU.ActiveCfg = Debug|Any CPU
		{95997D16-5B39-421C-B3B1-2D07F8499F17}.Debug|Any CPU.Build.0 = Debug|Any CPU
		{95997D16-5B39-421C-B3B1-2D07F8499F17}.Release|Any CPU.ActiveCfg = Release|Any CPU
		{95997D16-5B39-421C-B3B1-2D07F8499F17}.Release|Any CPU.Build.0 = Release|Any CPU
	EndGlobalSection
	GlobalSection(SolutionProperties) = preSolution
		HideSolutionNode = FALSE
	EndGlobalSection
	GlobalSection(ExtensibilityGlobals) = postSolution
		SolutionGuid = {543CD8D8-61BB-46C5-AC52-58D5D0140FCE}
	EndGlobalSection
EndGlobal
